{
  "name": "chakra-ui-steps",
  "version": "2.2.0",
  "lockfileVersion": 3,
  "requires": true,
  "packages": {
    "": {
      "name": "chakra-ui-steps",
      "version": "2.2.0",
      "license": "MIT",
      "peerDependencies": {
        "@chakra-ui/react": "^2.0.0",
        "@emotion/react": "^11.4.1",
        "@emotion/styled": "^11.3.0",
        "framer-motion": ">=4.0.0",
        "react": "^18.0.0"
      }
    }
  }
}
